
Microsoft Visual Studio Solution File, Format Version 12.00
# Visual Studio Version 17
VisualStudioVersion = 17.10.34928.147
MinimumVisualStudioVersion = 10.0.40219.1
Project("{9A19103F-16F7-4668-BE54-9A1E7A4F7556}") = "PitchRollYawViewer", "PitchRollYawViewer.csproj", "{9D62ED5C-A081-4EBE-B3CB-EC258DF3D678}"
EndProject
Global
	GlobalSection(SolutionConfigurationPlatforms) = preSolution
		Debug|Any CPU = Debug|Any CPU
		Release|Any CPU = Release|Any CPU
	EndGlobalSection
	GlobalSection(ProjectConfigurationPlatforms) = postSolution
		{9D62ED5C-A081-4EBE-B3CB-EC258DF3D678}.Debug|Any CPU.ActiveCfg = Debug|Any CPU
		{9D62ED5C-A081-4EBE-B3CB-EC258DF3D678}.Debug|Any CPU.Build.0 = Debug|Any CPU
		{9D62ED5C-A081-4EBE-B3CB-EC258DF3D678}.Release|Any CPU.ActiveCfg = Release|Any CPU
		{9D62ED5C-A081-4EBE-B3CB-EC258DF3D678}.Release|Any CPU.Build.0 = Release|Any CPU
	EndGlobalSection
	GlobalSection(SolutionProperties) = preSolution
		HideSolutionNode = FALSE
	EndGlobalSection
	GlobalSection(ExtensibilityGlobals) = postSolution
		SolutionGuid = {6E0B3F32-FBE5-43CD-AA56-909A13F7B744}
	EndGlobalSection
EndGlobal
